
Microsoft Visual Studio Solution File, Format Version 12.00
# Visual Studio 15
VisualStudioVersion = 15.0.28307.271
MinimumVisualStudioVersion = 10.0.40219.1
Project("{FAE04EC0-301F-11D3-BF4B-00C04F79EFBC}") = "Movie Ticket Management", "Movie Ticket Management\Movie Ticket Management.csproj", "{3E73EA7B-02A2-42EC-A582-7DE5903F1F4E}"
EndProject
Global
	GlobalSection(SolutionConfigurationPlatforms) = preSolution
		Debug|Any CPU = Debug|Any CPU
		Release|Any CPU = Release|Any CPU
	EndGlobalSection
	GlobalSection(ProjectConfigurationPlatforms) = postSolution
		{3E73EA7B-02A2-42EC-A582-7DE5903F1F4E}.Debug|Any CPU.ActiveCfg = Debug|Any CPU
		{3E73EA7B-02A2-42EC-A582-7DE5903F1F4E}.Debug|Any CPU.Build.0 = Debug|Any CPU
		{3E73EA7B-02A2-42EC-A582-7DE5903F1F4E}.Release|Any CPU.ActiveCfg = Release|Any CPU
		{3E73EA7B-02A2-42EC-A582-7DE5903F1F4E}.Release|Any CPU.Build.0 = Release|Any CPU
	EndGlobalSection
	GlobalSection(SolutionProperties) = preSolution
		HideSolutionNode = FALSE
	EndGlobalSection
	GlobalSection(ExtensibilityGlobals) = postSolution
		SolutionGuid = {BCD16C31-E0EE-4A47-86BB-154BD75D29DA}
	EndGlobalSection
EndGlobal
